{
  "requires": true,
  "lockfileVersion": 1,
  "dependencies": {
    "sweetalert2": {
      "version": "11.0.11",
      "resolved": "https://registry.npmjs.org/sweetalert2/-/sweetalert2-11.0.11.tgz",
      "integrity": "sha512-3xO4NI9mfO/9UImBu0Kym4tHEPQClxucLzBl9R8PPphNrdpen0TyWWBggz/EKCnidQfXYmt9R3pOr6CK4EQMwQ=="
    }
  }
}
